// !$*UTF8*$!
{
	archiveVersion = 1;
	classes = {
	};
	objectVersion = 46;
	objects = {

/* Begin PBXBuildFile section */
		CD318EBA1C7A480600ECC7D9 /* AppDelegate.swift in Sources */ = {isa = PBXBuildFile; fileRef = CD318EB91C7A480600ECC7D9 /* AppDelegate.swift */; };
		CD318EBC1C7A480600ECC7D9 /* ViewController.swift in Sources */ = {isa = PBXBuildFile; fileRef = CD318EBB1C7A480600ECC7D9 /* ViewController.swift */; };
		CD318EBF1C7A480600ECC7D9 /* Main.storyboard in Resources */ = {isa = PBXBuildFile; fileRef = CD318EBD1C7A480600ECC7D9 /* Main.storyboard */; };
		CD318EC11C7A480600ECC7D9 /* Assets.xcassets in Resources */ = {isa = PBXBuildFile; fileRef = CD318EC01C7A480600ECC7D9 /* Assets.xcassets */; };
		CD318EC41C7A480600ECC7D9 /* LaunchScreen.storyboard in Resources */ = {isa = PBXBuildFile; fileRef = CD318EC21C7A480600ECC7D9 /* LaunchScreen.storyboard */; };
		CD318ECF1C7A480600ECC7D9 /* FullStoryboardTests.swift in Sources */ = {isa = PBXBuildFile; fileRef = CD318ECE1C7A480600ECC7D9 /* FullStoryboardTests.swift */; };
		CD318EDA1C7A480600ECC7D9 /* FullStoryboardUITests.swift in Sources */ = {isa = PBXBuildFile; fileRef = CD318ED91C7A480600ECC7D9 /* FullStoryboardUITests.swift */; };
/* End PBXBuildFile section */

/* Begin PBXContainerItemProxy section */
		CD318ECB1C7A480600ECC7D9 /* PBXContainerItemProxy */ = {
			isa = PBXContainerItemProxy;
			containerPortal = CD318EAE1C7A480600ECC7D9 /* Project object */;
			proxyType = 1;
			remoteGlobalIDString = CD318EB51C7A480600ECC7D9;
			remoteInfo = FullStoryboard;
		};
		CD318ED61C7A480600ECC7D9 /* PBXContainerItemProxy */ = {
			isa = PBXContainerItemProxy;
			containerPortal = CD318EAE1C7A480600ECC7D9 /* Project object */;
			proxyType = 1;
			remoteGlobalIDString = CD318EB51C7A480600ECC7D9;
			remoteInfo = FullStoryboard;
		};
/* End PBXContainerItemProxy section */

/* Begin PBXFileReference section */
		CD318EB61C7A480600ECC7D9 /* FullStoryboard.app */ = {isa = PBXFileReference; explicitFileType = wrapper.application; includeInIndex = 0; path = FullStoryboard.app; sourceTree = BUILT_PRODUCTS_DIR; };
		CD318EB91C7A480600ECC7D9 /* AppDelegate.swift */ = {isa = PBXFileReference; lastKnownFileType = sourcecode.swift; path = AppDelegate.swift; sourceTree = "<group>"; };
		CD318EBB1C7A480600ECC7D9 /* ViewController.swift */ = {isa = PBXFileReference; lastKnownFileType = sourcecode.swift; path = ViewController.swift; sourceTree = "<group>"; };
		CD318EBE1C7A480600ECC7D9 /* Base */ = {isa = PBXFileReference; lastKnownFileType = file.storyboard; name = Base; path = Base.lproj/Main.storyboard; sourceTree = "<group>"; };
		CD318EC01C7A480600ECC7D9 /* Assets.xcassets */ = {isa = PBXFileReference; lastKnownFileType = folder.assetcatalog; path = Assets.xcassets; sourceTree = "<group>"; };
		CD318EC31C7A480600ECC7D9 /* Base */ = {isa = PBXFileReference; lastKnownFileType = file.storyboard; name = Base; path = Base.lproj/LaunchScreen.storyboard; sourceTree = "<group>"; };
		CD318EC51C7A480600ECC7D9 /* Info.plist */ = {isa = PBXFileReference; lastKnownFileType = text.plist.xml; path = Info.plist; sourceTree = "<group>"; };
		CD318ECA1C7A480600ECC7D9 /* FullStoryboardTests.xctest */ = {isa = PBXFileReference; explicitFileType = wrapper.cfbundle; includeInIndex = 0; path = FullStoryboardTests.xctest; sourceTree = BUILT_PRODUCTS_DIR; };
		CD318ECE1C7A480600ECC7D9 /* FullStoryboardTests.swift */ = {isa = PBXFileReference; lastKnownFileType = sourcecode.swift; path = FullStoryboardTests.swift; sourceTree = "<group>"; };
		CD318ED01C7A480600ECC7D9 /* Info.plist */ = {isa = PBXFileReference; lastKnownFileType = text.plist.xml; path = Info.plist; sourceTree = "<group>"; };
		CD318ED51C7A480600ECC7D9 /* FullStoryboardUITests.xctest */ = {isa = PBXFileReference; explicitFileType = wrapper.cfbundle; includeInIndex = 0; path = FullStoryboardUITests.xctest; sourceTree = BUILT_PRODUCTS_DIR; };
		CD318ED91C7A480600ECC7D9 /* FullStoryboardUITests.swift */ = {isa = PBXFileReference; lastKnownFileType = sourcecode.swift; path = FullStoryboardUITests.swift; sourceTree = "<group>"; };
		CD318EDB1C7A480600ECC7D9 /* Info.plist */ = {isa = PBXFileReference; lastKnownFileType = text.plist.xml; path = Info.plist; sourceTree = "<group>"; };
/* End PBXFileReference section */

/* Begin PBXFrameworksBuildPhase section */
		CD318EB31C7A480600ECC7D9 /* Frameworks */ = {
			isa = PBXFrameworksBuildPhase;
			buildActionMask = 2147483647;
			files = (
			);
			runOnlyForDeploymentPostprocessing = 0;
		};
		CD318EC71C7A480600ECC7D9 /* Frameworks */ = {
			isa = PBXFrameworksBuildPhase;
			buildActionMask = 2147483647;
			files = (
			);
			runOnlyForDeploymentPostprocessing = 0;
		};
		CD318ED21C7A480600ECC7D9 /* Frameworks */ = {
			isa = PBXFrameworksBuildPhase;
			buildActionMask = 2147483647;
			files = (
			);
			runOnlyForDeploymentPostprocessing = 0;
		};
/* End PBXFrameworksBuildPhase section */

/* Begin PBXGroup section */
		CD318EAD1C7A480600ECC7D9 = {
			isa = PBXGroup;
			children = (
				CD318EB81C7A480600ECC7D9 /* FullStoryboard */,
				CD318ECD1C7A480600ECC7D9 /* FullStoryboardTests */,
				CD318ED81C7A480600ECC7D9 /* FullStoryboardUITests */,
				CD318EB71C7A480600ECC7D9 /* Products */,
			);
			sourceTree = "<group>";
		};
		CD318EB71C7A480600ECC7D9 /* Products */ = {
			isa = PBXGroup;
			children = (
				CD318EB61C7A480600ECC7D9 /* FullStoryboard.app */,
				CD318ECA1C7A480600ECC7D9 /* FullStoryboardTests.xctest */,
				CD318ED51C7A480600ECC7D9 /* FullStoryboardUITests.xctest */,
			);
			name = Products;
			sourceTree = "<group>";
		};
		CD318EB81C7A480600ECC7D9 /* FullStoryboard */ = {
			isa = PBXGroup;
			children = (
				CD318EB91C7A480600ECC7D9 /* AppDelegate.swift */,
				CD318EBB1C7A480600ECC7D9 /* ViewController.swift */,
				CD318EBD1C7A480600ECC7D9 /* Main.storyboard */,
				CD318EC01C7A480600ECC7D9 /* Assets.xcassets */,
				CD318EC21C7A480600ECC7D9 /* LaunchScreen.storyboard */,
				CD318EC51C7A480600ECC7D9 /* Info.plist */,
			);
			path = FullStoryboard;
			sourceTree = "<group>";
		};
		CD318ECD1C7A480600ECC7D9 /* FullStoryboardTests */ = {
			isa = PBXGroup;
			children = (
				CD318ECE1C7A480600ECC7D9 /* FullStoryboardTests.swift */,
				CD318ED01C7A480600ECC7D9 /* Info.plist */,
			);
			path = FullStoryboardTests;
			sourceTree = "<group>";
		};
		CD318ED81C7A480600ECC7D9 /* FullStoryboardUITests */ = {
			isa = PBXGroup;
			children = (
				CD318ED91C7A480600ECC7D9 /* FullStoryboardUITests.swift */,
				CD318EDB1C7A480600ECC7D9 /* Info.plist */,
			);
			path = FullStoryboardUITests;
			sourceTree = "<group>";
		};
/* End PBXGroup section */

/* Begin PBXNativeTarget section */
		CD318EB51C7A480600ECC7D9 /* FullStoryboard */ = {
			isa = PBXNativeTarget;
			buildConfigurationList = CD318EDE1C7A480600ECC7D9 /* Build configuration list for PBXNativeTarget "FullStoryboard" */;
			buildPhases = (
				CD318EB21C7A480600ECC7D9 /* Sources */,
				CD318EB31C7A480600ECC7D9 /* Frameworks */,
				CD318EB41C7A480600ECC7D9 /* Resources */,
			);
			buildRules = (
			);
			dependencies = (
			);
			name = FullStoryboard;
			productName = FullStoryboard;
			productReference = CD318EB61C7A480600ECC7D9 /* FullStoryboard.app */;
			productType = "com.apple.product-type.application";
		};
		CD318EC91C7A480600ECC7D9 /* FullStoryboardTests */ = {
			isa = PBXNativeTarget;
			buildConfigurationList = CD318EE11C7A480600ECC7D9 /* Build configuration list for PBXNativeTarget "FullStoryboardTests" */;
			buildPhases = (
				CD318EC61C7A480600ECC7D9 /* Sources */,
				CD318EC71C7A480600ECC7D9 /* Frameworks */,
				CD318EC81C7A480600ECC7D9 /* Resources */,
			);
			buildRules = (
			);
			dependencies = (
				CD318ECC1C7A480600ECC7D9 /* PBXTargetDependency */,
			);
			name = FullStoryboardTests;
			productName = FullStoryboardTests;
			productReference = CD318ECA1C7A480600ECC7D9 /* FullStoryboardTests.xctest */;
			productType = "com.apple.product-type.bundle.unit-test";
		};
		CD318ED41C7A480600ECC7D9 /* FullStoryboardUITests */ = {
			isa = PBXNativeTarget;
			buildConfigurationList = CD318EE41C7A480600ECC7D9 /* Build configuration list for PBXNativeTarget "FullStoryboardUITests" */;
			buildPhases = (
				CD318ED11C7A480600ECC7D9 /* Sources */,
				CD318ED21C7A480600ECC7D9 /* Frameworks */,
				CD318ED31C7A480600ECC7D9 /* Resources */,
			);
			buildRules = (
			);
			dependencies = (
				CD318ED71C7A480600ECC7D9 /* PBXTargetDependency */,
			);
			name = FullStoryboardUITests;
			productName = FullStoryboardUITests;
			productReference = CD318ED51C7A480600ECC7D9 /* FullStoryboardUITests.xctest */;
			productType = "com.apple.product-type.bundle.ui-testing";
		};
/* End PBXNativeTarget section */

/* Begin PBXProject section */
		CD318EAE1C7A480600ECC7D9 /* Project object */ = {
			isa = PBXProject;
			attributes = {
				LastSwiftUpdateCheck = 0720;
				LastUpgradeCheck = 0720;
				ORGANIZATIONNAME = "Patrick Schneider";
				TargetAttributes = {
					CD318EB51C7A480600ECC7D9 = {
						CreatedOnToolsVersion = 7.2.1;
					};
					CD318EC91C7A480600ECC7D9 = {
						CreatedOnToolsVersion = 7.2.1;
						TestTargetID = CD318EB51C7A480600ECC7D9;
					};
					CD318ED41C7A480600ECC7D9 = {
						CreatedOnToolsVersion = 7.2.1;
						TestTargetID = CD318EB51C7A480600ECC7D9;
					};
				};
			};
			buildConfigurationList = CD318EB11C7A480600ECC7D9 /* Build configuration list for PBXProject "FullStoryboard" */;
			compatibilityVersion = "Xcode 3.2";
			developmentRegion = English;
			hasScannedForEncodings = 0;
			knownRegions = (
				en,
				Base,
			);
			mainGroup = CD318EAD1C7A480600ECC7D9;
			productRefGroup = CD318EB71C7A480600ECC7D9 /* Products */;
			projectDirPath = "";
			projectRoot = "";
			targets = (
				CD318EB51C7A480600ECC7D9 /* FullStoryboard */,
				CD318EC91C7A480600ECC7D9 /* FullStoryboardTests */,
				CD318ED41C7A480600ECC7D9 /* FullStoryboardUITests */,
			);
		};
/* End PBXProject section */

/* Begin PBXResourcesBuildPhase section */
		CD318EB41C7A480600ECC7D9 /* Resources */ = {
			isa = PBXResourcesBuildPhase;
			buildActionMask = 2147483647;
			files = (
				CD318EC41C7A480600ECC7D9 /* LaunchScreen.storyboard in Resources */,
				CD318EC11C7A480600ECC7D9 /* Assets.xcassets in Resources */,
				CD318EBF1C7A480600ECC7D9 /* Main.storyboard in Resources */,
			);
			runOnlyForDeploymentPostprocessing = 0;
		};
		CD318EC81C7A480600ECC7D9 /* Resources */ = {
			isa = PBXResourcesBuildPhase;
			buildActionMask = 2147483647;
			files = (
			);
			runOnlyForDeploymentPostprocessing = 0;
		};
		CD318ED31C7A480600ECC7D9 /* Resources */ = {
			isa = PBXResourcesBuildPhase;
			buildActionMask = 2147483647;
			files = (
			);
			runOnlyForDeploymentPostprocessing = 0;
		};
/* End PBXResourcesBuildPhase section */

/* Begin PBXSourcesBuildPhase section */
		CD318EB21C7A480600ECC7D9 /* Sources */ = {
			isa = PBXSourcesBuildPhase;
			buildActionMask = 2147483647;
			files = (
				CD318EBC1C7A480600ECC7D9 /* ViewController.swift in Sources */,
				CD318EBA1C7A480600ECC7D9 /* AppDelegate.swift in Sources */,
			);
			runOnlyForDeploymentPostprocessing = 0;
		};
		CD318EC61C7A480600ECC7D9 /* Sources */ = {
			isa = PBXSourcesBuildPhase;
			buildActionMask = 2147483647;
			files = (
				CD318ECF1C7A480600ECC7D9 /* FullStoryboardTests.swift in Sources */,
			);
			runOnlyForDeploymentPostprocessing = 0;
		};
		CD318ED11C7A480600ECC7D9 /* Sources */ = {
			isa = PBXSourcesBuildPhase;
			buildActionMask = 2147483647;
			files = (
				CD318EDA1C7A480600ECC7D9 /* FullStoryboardUITests.swift in Sources */,
			);
			runOnlyForDeploymentPostprocessing = 0;
		};
/* End PBXSourcesBuildPhase section */

/* Begin PBXTargetDependency section */
		CD318ECC1C7A480600ECC7D9 /* PBXTargetDependency */ = {
			isa = PBXTargetDependency;
			target = CD318EB51C7A480600ECC7D9 /* FullStoryboard */;
			targetProxy = CD318ECB1C7A480600ECC7D9 /* PBXContainerItemProxy */;
		};
		CD318ED71C7A480600ECC7D9 /* PBXTargetDependency */ = {
			isa = PBXTargetDependency;
			target = CD318EB51C7A480600ECC7D9 /* FullStoryboard */;
			targetProxy = CD318ED61C7A480600ECC7D9 /* PBXContainerItemProxy */;
		};
/* End PBXTargetDependency section */

/* Begin PBXVariantGroup section */
		CD318EBD1C7A480600ECC7D9 /* Main.storyboard */ = {
			isa = PBXVariantGroup;
			children = (
				CD318EBE1C7A480600ECC7D9 /* Base */,
			);
			name = Main.storyboard;
			sourceTree = "<group>";
		};
		CD318EC21C7A480600ECC7D9 /* LaunchScreen.storyboard */ = {
			isa = PBXVariantGroup;
			children = (
				CD318EC31C7A480600ECC7D9 /* Base */,
			);
			name = LaunchScreen.storyboard;
			sourceTree = "<group>";
		};
/* End PBXVariantGroup section */

/* Begin XCBuildConfiguration section */
		CD318EDC1C7A480600ECC7D9 /* Debug */ = {
			isa = XCBuildConfiguration;
			buildSettings = {
				ALWAYS_SEARCH_USER_PATHS = NO;
				CLANG_CXX_LANGUAGE_STANDARD = "gnu++0x";
				CLANG_CXX_LIBRARY = "libc++";
				CLANG_ENABLE_MODULES = YES;
				CLANG_ENABLE_OBJC_ARC = YES;
				CLANG_WARN_BOOL_CONVERSION = YES;
				CLANG_WARN_CONSTANT_CONVERSION = YES;
				CLANG_WARN_DIRECT_OBJC_ISA_USAGE = YES_ERROR;
				CLANG_WARN_EMPTY_BODY = YES;
				CLANG_WARN_ENUM_CONVERSION = YES;
				CLANG_WARN_INT_CONVERSION = YES;
				CLANG_WARN_OBJC_ROOT_CLASS = YES_ERROR;
				CLANG_WARN_UNREACHABLE_CODE = YES;
				CLANG_WARN__DUPLICATE_METHOD_MATCH = YES;
				"CODE_SIGN_IDENTITY[sdk=iphoneos*]" = "iPhone Developer";
				COPY_PHASE_STRIP = NO;
				DEBUG_INFORMATION_FORMAT = dwarf;
				ENABLE_STRICT_OBJC_MSGSEND = YES;
				ENABLE_TESTABILITY = YES;
				GCC_C_LANGUAGE_STANDARD = gnu99;
				GCC_DYNAMIC_NO_PIC = NO;
				GCC_NO_COMMON_BLOCKS = YES;
				GCC_OPTIMIZATION_LEVEL = 0;
				GCC_PREPROCESSOR_DEFINITIONS = (
					"DEBUG=1",
					"$(inherited)",
				);
				GCC_WARN_64_TO_32_BIT_CONVERSION = YES;
				GCC_WARN_ABOUT_RETURN_TYPE = YES_ERROR;
				GCC_WARN_UNDECLARED_SELECTOR = YES;
				GCC_WARN_UNINITIALIZED_AUTOS = YES_AGGRESSIVE;
				GCC_WARN_UNUSED_FUNCTION = YES;
				GCC_WARN_UNUSED_VARIABLE = YES;
				IPHONEOS_DEPLOYMENT_TARGET = 9.2;
				MTL_ENABLE_DEBUG_INFO = YES;
				ONLY_ACTIVE_ARCH = YES;
				SDKROOT = iphoneos;
				SWIFT_OPTIMIZATION_LEVEL = "-Onone";
				TARGETED_DEVICE_FAMILY = "1,2";
			};
			name = Debug;
		};
		CD318EDD1C7A480600ECC7D9 /* Release */ = {
			isa = XCBuildConfiguration;
			buildSettings = {
				ALWAYS_SEARCH_USER_PATHS = NO;
				CLANG_CXX_LANGUAGE_STANDARD = "gnu++0x";
				CLANG_CXX_LIBRARY = "libc++";
				CLANG_ENABLE_MODULES = YES;
				CLANG_ENABLE_OBJC_ARC = YES;
				CLANG_WARN_BOOL_CONVERSION = YES;
				CLANG_WARN_CONSTANT_CONVERSION = YES;
				CLANG_WARN_DIRECT_OBJC_ISA_USAGE = YES_ERROR;
				CLANG_WARN_EMPTY_BODY = YES;
				CLANG_WARN_ENUM_CONVERSION = YES;
				CLANG_WARN_INT_CONVERSION = YES;
				CLANG_WARN_OBJC_ROOT_CLASS = YES_ERROR;
				CLANG_WARN_UNREACHABLE_CODE = YES;
				CLANG_WARN__DUPLICATE_METHOD_MATCH = YES;
				"CODE_SIGN_IDENTITY[sdk=iphoneos*]" = "iPhone Developer";
				COPY_PHASE_STRIP = NO;
				DEBUG_INFORMATION_FORMAT = "dwarf-with-dsym";
				ENABLE_NS_ASSERTIONS = NO;
				ENABLE_STRICT_OBJC_MSGSEND = YES;
				GCC_C_LANGUAGE_STANDARD = gnu99;
				GCC_NO_COMMON_BLOCKS = YES;
				GCC_WARN_64_TO_32_BIT_CONVERSION = YES;
				GCC_WARN_ABOUT_RETURN_TYPE = YES_ERROR;
				GCC_WARN_UNDECLARED_SELECTOR = YES;
				GCC_WARN_UNINITIALIZED_AUTOS = YES_AGGRESSIVE;
				GCC_WARN_UNUSED_FUNCTION = YES;
				GCC_WARN_UNUSED_VARIABLE = YES;
				IPHONEOS_DEPLOYMENT_TARGET = 9.2;
				MTL_ENABLE_DEBUG_INFO = NO;
				SDKROOT = iphoneos;
				TARGETED_DEVICE_FAMILY = "1,2";
				VALIDATE_PRODUCT = YES;
			};
			name = Release;
		};
		CD318EDF1C7A480600ECC7D9 /* Debug */ = {
			isa = XCBuildConfiguration;
			buildSettings = {
				ASSETCATALOG_COMPILER_APPICON_NAME = AppIcon;
				INFOPLIST_FILE = FullStoryboard/Info.plist;
				LD_RUNPATH_SEARCH_PATHS = "$(inherited) @executable_path/Frameworks";
				PRODUCT_BUNDLE_IDENTIFIER = io.patrickschneider.FullStoryboard;
				PRODUCT_NAME = "$(TARGET_NAME)";
			};
			name = Debug;
		};
		CD318EE01C7A480600ECC7D9 /* Release */ = {
			isa = XCBuildConfiguration;
			buildSettings = {
				ASSETCATALOG_COMPILER_APPICON_NAME = AppIcon;
				INFOPLIST_FILE = FullStoryboard/Info.plist;
				LD_RUNPATH_SEARCH_PATHS = "$(inherited) @executable_path/Frameworks";
				PRODUCT_BUNDLE_IDENTIFIER = io.patrickschneider.FullStoryboard;
				PRODUCT_NAME = "$(TARGET_NAME)";
			};
			name = Release;
		};
		CD318EE21C7A480600ECC7D9 /* Debug */ = {
			isa = XCBuildConfiguration;
			buildSettings = {
				BUNDLE_LOADER = "$(TEST_HOST)";
				INFOPLIST_FILE = FullStoryboardTests/Info.plist;
				LD_RUNPATH_SEARCH_PATHS = "$(inherited) @executable_path/Frameworks @loader_path/Frameworks";
				PRODUCT_BUNDLE_IDENTIFIER = io.patrickschneider.FullStoryboardTests;
				PRODUCT_NAME = "$(TARGET_NAME)";
				TEST_HOST = "$(BUILT_PRODUCTS_DIR)/FullStoryboard.app/FullStoryboard";
			};
			name = Debug;
		};
		CD318EE31C7A480600ECC7D9 /* Release */ = {
			isa = XCBuildConfiguration;
			buildSettings = {
				BUNDLE_LOADER = "$(TEST_HOST)";
				INFOPLIST_FILE = FullStoryboardTests/Info.plist;
				LD_RUNPATH_SEARCH_PATHS = "$(inherited) @executable_path/Frameworks @loader_path/Frameworks";
				PRODUCT_BUNDLE_IDENTIFIER = io.patrickschneider.FullStoryboardTests;
				PRODUCT_NAME = "$(TARGET_NAME)";
				TEST_HOST = "$(BUILT_PRODUCTS_DIR)/FullStoryboard.app/FullStoryboard";
			};
			name = Release;
		};
		CD318EE51C7A480600ECC7D9 /* Debug */ = {
			isa = XCBuildConfiguration;
			buildSettings = {
				INFOPLIST_FILE = FullStoryboardUITests/Info.plist;
				LD_RUNPATH_SEARCH_PATHS = "$(inherited) @executable_path/Frameworks @loader_path/Frameworks";
				PRODUCT_BUNDLE_IDENTIFIER = io.patrickschneider.FullStoryboardUITests;
				PRODUCT_NAME = "$(TARGET_NAME)";
				TEST_TARGET_NAME = FullStoryboard;
				USES_XCTRUNNER = YES;
			};
			name = Debug;
		};
		CD318EE61C7A480600ECC7D9 /* Release */ = {
			isa = XCBuildConfiguration;
			buildSettings = {
				INFOPLIST_FILE = FullStoryboardUITests/Info.plist;
				LD_RUNPATH_SEARCH_PATHS = "$(inherited) @executable_path/Frameworks @loader_path/Frameworks";
				PRODUCT_BUNDLE_IDENTIFIER = io.patrickschneider.FullStoryboardUITests;
				PRODUCT_NAME = "$(TARGET_NAME)";
				TEST_TARGET_NAME = FullStoryboard;
				USES_XCTRUNNER = YES;
			};
			name = Release;
		};
/* End XCBuildConfiguration section */

/* Begin XCConfigurationList section */
		CD318EB11C7A480600ECC7D9 /* Build configuration list for PBXProject "FullStoryboard" */ = {
			isa = XCConfigurationList;
			buildConfigurations = (
				CD318EDC1C7A480600ECC7D9 /* Debug */,
				CD318EDD1C7A480600ECC7D9 /* Release */,
			);
			defaultConfigurationIsVisible = 0;
			defaultConfigurationName = Release;
		};
		CD318EDE1C7A480600ECC7D9 /* Build configuration list for PBXNativeTarget "FullStoryboard" */ = {
			isa = XCConfigurationList;
			buildConfigurations = (
				CD318EDF1C7A480600ECC7D9 /* Debug */,
				CD318EE01C7A480600ECC7D9 /* Release */,
			);
			defaultConfigurationIsVisible = 0;
		};
		CD318EE11C7A480600ECC7D9 /* Build configuration list for PBXNativeTarget "FullStoryboardTests" */ = {
			isa = XCConfigurationList;
			buildConfigurations = (
				CD318EE21C7A480600ECC7D9 /* Debug */,
				CD318EE31C7A480600ECC7D9 /* Release */,
			);
			defaultConfigurationIsVisible = 0;
		};
		CD318EE41C7A480600ECC7D9 /* Build configuration list for PBXNativeTarget "FullStoryboardUITests" */ = {
			isa = XCConfigurationList;
			buildConfigurations = (
				CD318EE51C7A480600ECC7D9 /* Debug */,
				CD318EE61C7A480600ECC7D9 /* Release */,
			);
			defaultConfigurationIsVisible = 0;
		};
/* End XCConfigurationList section */
	};
	rootObject = CD318EAE1C7A480600ECC7D9 /* Project object */;
}
